
Microsoft Visual Studio Solution File, Format Version 12.00
# Visual Studio Version 17
VisualStudioVersion = 17.4.33213.308
MinimumVisualStudioVersion = 10.0.40219.1
Project("{FAE04EC0-301F-11D3-BF4B-00C04F79EFBC}") = "VlaKar", "VlaKar\VlaKar.csproj", "{24F09FC5-1E0C-4055-9CFC-491118F93FFC}"
EndProject
Global
	GlobalSection(SolutionConfigurationPlatforms) = preSolution
		Debug|Any CPU = Debug|Any CPU
		Release|Any CPU = Release|Any CPU
	EndGlobalSection
	GlobalSection(ProjectConfigurationPlatforms) = postSolution
		{24F09FC5-1E0C-4055-9CFC-491118F93FFC}.Debug|Any CPU.ActiveCfg = Debug|Any CPU
		{24F09FC5-1E0C-4055-9CFC-491118F93FFC}.Debug|Any CPU.Build.0 = Debug|Any CPU
		{24F09FC5-1E0C-4055-9CFC-491118F93FFC}.Release|Any CPU.ActiveCfg = Release|Any CPU
		{24F09FC5-1E0C-4055-9CFC-491118F93FFC}.Release|Any CPU.Build.0 = Release|Any CPU
	EndGlobalSection
	GlobalSection(SolutionProperties) = preSolution
		HideSolutionNode = FALSE
	EndGlobalSection
	GlobalSection(ExtensibilityGlobals) = postSolution
		SolutionGuid = {EC83ECAE-F827-4159-98C3-92C225FF2F2E}
	EndGlobalSection
EndGlobal
